
Microsoft Visual Studio Solution File, Format Version 12.00
# Visual Studio Version 17
VisualStudioVersion = 17.14.36203.30
MinimumVisualStudioVersion = 10.0.40219.1
Project("{FAE04EC0-301F-11D3-BF4B-00C04F79EFBC}") = "Fiap.Web.ESG2", "Fiap.Web.ESG2\Fiap.Web.ESG2.csproj", "{EDC299C3-6AA5-489A-97AB-E6EA6B5167BD}"
EndProject
Project("{FAE04EC0-301F-11D3-BF4B-00C04F79EFBC}") = "Fiap.Web.ESG2.Tests", "Fiap.Web.ESG2.Tests\Fiap.Web.ESG2.Tests.csproj", "{D54C280C-9D0D-41BE-B685-96C5A9005BC2}"
EndProject
Project("{2150E333-8FDC-42A3-9474-1A3956D46DE8}") = "Itens de Solução", "Itens de Solução", "{380A7511-A354-6D7A-0CC0-8FA1F1BA7B6C}"
	ProjectSection(SolutionItems) = preProject
		docker-compose.yml = docker-compose.yml
	EndProjectSection
EndProject
Project("{2150E333-8FDC-42A3-9474-1A3956D46DE8}") = "Solution Items", "Solution Items", "{02EA681E-C7D8-13C7-8484-4AC65E1B71E8}"
	ProjectSection(SolutionItems) = preProject
		Dockerfile = Dockerfile
	EndProjectSection
EndProject
Global
	GlobalSection(SolutionConfigurationPlatforms) = preSolution
		Debug|Any CPU = Debug|Any CPU
		Release|Any CPU = Release|Any CPU
	EndGlobalSection
	GlobalSection(ProjectConfigurationPlatforms) = postSolution
		{EDC299C3-6AA5-489A-97AB-E6EA6B5167BD}.Debug|Any CPU.ActiveCfg = Debug|Any CPU
		{EDC299C3-6AA5-489A-97AB-E6EA6B5167BD}.Debug|Any CPU.Build.0 = Debug|Any CPU
		{EDC299C3-6AA5-489A-97AB-E6EA6B5167BD}.Release|Any CPU.ActiveCfg = Release|Any CPU
		{EDC299C3-6AA5-489A-97AB-E6EA6B5167BD}.Release|Any CPU.Build.0 = Release|Any CPU
		{D54C280C-9D0D-41BE-B685-96C5A9005BC2}.Debug|Any CPU.ActiveCfg = Debug|Any CPU
		{D54C280C-9D0D-41BE-B685-96C5A9005BC2}.Debug|Any CPU.Build.0 = Debug|Any CPU
		{D54C280C-9D0D-41BE-B685-96C5A9005BC2}.Release|Any CPU.ActiveCfg = Release|Any CPU
		{D54C280C-9D0D-41BE-B685-96C5A9005BC2}.Release|Any CPU.Build.0 = Release|Any CPU
	EndGlobalSection
	GlobalSection(SolutionProperties) = preSolution
		HideSolutionNode = FALSE
	EndGlobalSection
	GlobalSection(ExtensibilityGlobals) = postSolution
		SolutionGuid = {2D5E3CBE-60BF-484F-8403-497E8D0C3C50}
	EndGlobalSection
EndGlobal
